
Microsoft Visual Studio Solution File, Format Version 12.00
# Visual Studio 15
Project("{FAE04EC0-301F-11D3-BF4B-00C04F79EFBC}") = "SteamVR", "SteamVR.csproj", "{D7F99003-02F5-D73B-AF6B-4807A31FCAD1}"
EndProject
Project("{FAE04EC0-301F-11D3-BF4B-00C04F79EFBC}") = "SteamVR_Editor", "SteamVR_Editor.csproj", "{D6144517-2E77-4AF2-9B74-7DFC7DF04C05}"
EndProject
Project("{FAE04EC0-301F-11D3-BF4B-00C04F79EFBC}") = "SteamVR_Input_Editor", "SteamVR_Input_Editor.csproj", "{73A49A13-DF81-26C3-E134-5DFC909860ED}"
EndProject
Project("{FAE04EC0-301F-11D3-BF4B-00C04F79EFBC}") = "SteamVR_Windows_EditorHelper", "SteamVR_Windows_EditorHelper.csproj", "{66E26265-2567-2B31-69E2-56F4C00BF24F}"
EndProject
Global
	GlobalSection(SolutionConfigurationPlatforms) = preSolution
		Debug|Any CPU = Debug|Any CPU
		Release|Any CPU = Release|Any CPU
	EndGlobalSection
	GlobalSection(ProjectConfigurationPlatforms) = postSolution
		{D7F99003-02F5-D73B-AF6B-4807A31FCAD1}.Debug|Any CPU.ActiveCfg = Debug|Any CPU
		{D7F99003-02F5-D73B-AF6B-4807A31FCAD1}.Debug|Any CPU.Build.0 = Debug|Any CPU
		{D7F99003-02F5-D73B-AF6B-4807A31FCAD1}.Release|Any CPU.ActiveCfg = Release|Any CPU
		{D7F99003-02F5-D73B-AF6B-4807A31FCAD1}.Release|Any CPU.Build.0 = Release|Any CPU
		{D6144517-2E77-4AF2-9B74-7DFC7DF04C05}.Debug|Any CPU.ActiveCfg = Debug|Any CPU
		{D6144517-2E77-4AF2-9B74-7DFC7DF04C05}.Debug|Any CPU.Build.0 = Debug|Any CPU
		{D6144517-2E77-4AF2-9B74-7DFC7DF04C05}.Release|Any CPU.ActiveCfg = Release|Any CPU
		{D6144517-2E77-4AF2-9B74-7DFC7DF04C05}.Release|Any CPU.Build.0 = Release|Any CPU
		{73A49A13-DF81-26C3-E134-5DFC909860ED}.Debug|Any CPU.ActiveCfg = Debug|Any CPU
		{73A49A13-DF81-26C3-E134-5DFC909860ED}.Debug|Any CPU.Build.0 = Debug|Any CPU
		{73A49A13-DF81-26C3-E134-5DFC909860ED}.Release|Any CPU.ActiveCfg = Release|Any CPU
		{73A49A13-DF81-26C3-E134-5DFC909860ED}.Release|Any CPU.Build.0 = Release|Any CPU
		{66E26265-2567-2B31-69E2-56F4C00BF24F}.Debug|Any CPU.ActiveCfg = Debug|Any CPU
		{66E26265-2567-2B31-69E2-56F4C00BF24F}.Debug|Any CPU.Build.0 = Debug|Any CPU
		{66E26265-2567-2B31-69E2-56F4C00BF24F}.Release|Any CPU.ActiveCfg = Release|Any CPU
		{66E26265-2567-2B31-69E2-56F4C00BF24F}.Release|Any CPU.Build.0 = Release|Any CPU
	EndGlobalSection
	GlobalSection(SolutionProperties) = preSolution
		HideSolutionNode = FALSE
	EndGlobalSection
EndGlobal
